
Microsoft Visual Studio Solution File, Format Version 12.00
# Visual Studio Version 17
VisualStudioVersion = 17.6.33723.286
MinimumVisualStudioVersion = 10.0.40219.1
Project("{FAE04EC0-301F-11D3-BF4B-00C04F79EFBC}") = "ApiRestBilling", "ApiRestBilling\ApiRestBilling.csproj", "{6DCFF794-0820-45A0-878F-E19000129857}"
EndProject
Global
	GlobalSection(SolutionConfigurationPlatforms) = preSolution
		Debug|Any CPU = Debug|Any CPU
		Release|Any CPU = Release|Any CPU
	EndGlobalSection
	GlobalSection(ProjectConfigurationPlatforms) = postSolution
		{6DCFF794-0820-45A0-878F-E19000129857}.Debug|Any CPU.ActiveCfg = Debug|Any CPU
		{6DCFF794-0820-45A0-878F-E19000129857}.Debug|Any CPU.Build.0 = Debug|Any CPU
		{6DCFF794-0820-45A0-878F-E19000129857}.Release|Any CPU.ActiveCfg = Release|Any CPU
		{6DCFF794-0820-45A0-878F-E19000129857}.Release|Any CPU.Build.0 = Release|Any CPU
	EndGlobalSection
	GlobalSection(SolutionProperties) = preSolution
		HideSolutionNode = FALSE
	EndGlobalSection
	GlobalSection(ExtensibilityGlobals) = postSolution
		SolutionGuid = {DB37E4B2-5CAD-4CE2-A1F9-E27BB1EF2D1E}
	EndGlobalSection
EndGlobal
